
Microsoft Visual Studio Solution File, Format Version 12.00
# Visual Studio Version 16
VisualStudioVersion = 16.0.32630.194
MinimumVisualStudioVersion = 10.0.40219.1
Project("{FAE04EC0-301F-11D3-BF4B-00C04F79EFBC}") = "task homework", "task homework\task homework.csproj", "{F1094D57-CD04-486F-9F07-0D757F1A9781}"
EndProject
Global
	GlobalSection(SolutionConfigurationPlatforms) = preSolution
		Debug|Any CPU = Debug|Any CPU
		Release|Any CPU = Release|Any CPU
	EndGlobalSection
	GlobalSection(ProjectConfigurationPlatforms) = postSolution
		{F1094D57-CD04-486F-9F07-0D757F1A9781}.Debug|Any CPU.ActiveCfg = Debug|Any CPU
		{F1094D57-CD04-486F-9F07-0D757F1A9781}.Debug|Any CPU.Build.0 = Debug|Any CPU
		{F1094D57-CD04-486F-9F07-0D757F1A9781}.Release|Any CPU.ActiveCfg = Release|Any CPU
		{F1094D57-CD04-486F-9F07-0D757F1A9781}.Release|Any CPU.Build.0 = Release|Any CPU
	EndGlobalSection
	GlobalSection(SolutionProperties) = preSolution
		HideSolutionNode = FALSE
	EndGlobalSection
	GlobalSection(ExtensibilityGlobals) = postSolution
		SolutionGuid = {0D2C662B-BBF3-4054-A027-AB9DD265FDB6}
	EndGlobalSection
EndGlobal
